// !$*UTF8*$!
{
	archiveVersion = 1;
	classes = {
	};
	objectVersion = 50;
	objects = {

/* Begin PBXBuildFile section */
		892C56D12450397A000F3485 /* VerticalStackView.swift in Sources */ = {isa = PBXBuildFile; fileRef = 892C56D02450397A000F3485 /* VerticalStackView.swift */; };
		892C56D324503A3B000F3485 /* UIView+Layout.swift in Sources */ = {isa = PBXBuildFile; fileRef = 892C56D224503A3B000F3485 /* UIView+Layout.swift */; };
		892C56D524503C25000F3485 /* BaseTabBarController.swift in Sources */ = {isa = PBXBuildFile; fileRef = 892C56D424503C25000F3485 /* BaseTabBarController.swift */; };
		892C56D724503CE8000F3485 /* AppSearchController.swift in Sources */ = {isa = PBXBuildFile; fileRef = 892C56D624503CE8000F3485 /* AppSearchController.swift */; };
		892C56D92450413E000F3485 /* SearchResultCell.swift in Sources */ = {isa = PBXBuildFile; fileRef = 892C56D82450413E000F3485 /* SearchResultCell.swift */; };
		8953DA7B24543F7D00667B48 /* SearchResult.swift in Sources */ = {isa = PBXBuildFile; fileRef = 8953DA7A24543F7D00667B48 /* SearchResult.swift */; };
		8953DA7E2454482100667B48 /* Service.swift in Sources */ = {isa = PBXBuildFile; fileRef = 8953DA7D2454482100667B48 /* Service.swift */; };
		89E83844245039220032D27B /* AppDelegate.swift in Sources */ = {isa = PBXBuildFile; fileRef = 89E83843245039220032D27B /* AppDelegate.swift */; };
		89E83846245039220032D27B /* SceneDelegate.swift in Sources */ = {isa = PBXBuildFile; fileRef = 89E83845245039220032D27B /* SceneDelegate.swift */; };
		89E8384D245039230032D27B /* Assets.xcassets in Resources */ = {isa = PBXBuildFile; fileRef = 89E8384C245039230032D27B /* Assets.xcassets */; };
		89E83850245039230032D27B /* LaunchScreen.storyboard in Resources */ = {isa = PBXBuildFile; fileRef = 89E8384E245039230032D27B /* LaunchScreen.storyboard */; };
/* End PBXBuildFile section */

/* Begin PBXFileReference section */
		892C56D02450397A000F3485 /* VerticalStackView.swift */ = {isa = PBXFileReference; lastKnownFileType = sourcecode.swift; path = VerticalStackView.swift; sourceTree = "<group>"; };
		892C56D224503A3B000F3485 /* UIView+Layout.swift */ = {isa = PBXFileReference; lastKnownFileType = sourcecode.swift; path = "UIView+Layout.swift"; sourceTree = "<group>"; };
		892C56D424503C25000F3485 /* BaseTabBarController.swift */ = {isa = PBXFileReference; lastKnownFileType = sourcecode.swift; path = BaseTabBarController.swift; sourceTree = "<group>"; };
		892C56D624503CE8000F3485 /* AppSearchController.swift */ = {isa = PBXFileReference; lastKnownFileType = sourcecode.swift; path = AppSearchController.swift; sourceTree = "<group>"; };
		892C56D82450413E000F3485 /* SearchResultCell.swift */ = {isa = PBXFileReference; lastKnownFileType = sourcecode.swift; path = SearchResultCell.swift; sourceTree = "<group>"; };
		8953DA7A24543F7D00667B48 /* SearchResult.swift */ = {isa = PBXFileReference; lastKnownFileType = sourcecode.swift; path = SearchResult.swift; sourceTree = "<group>"; };
		8953DA7D2454482100667B48 /* Service.swift */ = {isa = PBXFileReference; lastKnownFileType = sourcecode.swift; path = Service.swift; sourceTree = "<group>"; };
		89E83840245039220032D27B /* AppStoreJSONApis.app */ = {isa = PBXFileReference; explicitFileType = wrapper.application; includeInIndex = 0; path = AppStoreJSONApis.app; sourceTree = BUILT_PRODUCTS_DIR; };
		89E83843245039220032D27B /* AppDelegate.swift */ = {isa = PBXFileReference; lastKnownFileType = sourcecode.swift; path = AppDelegate.swift; sourceTree = "<group>"; };
		89E83845245039220032D27B /* SceneDelegate.swift */ = {isa = PBXFileReference; lastKnownFileType = sourcecode.swift; path = SceneDelegate.swift; sourceTree = "<group>"; };
		89E8384C245039230032D27B /* Assets.xcassets */ = {isa = PBXFileReference; lastKnownFileType = folder.assetcatalog; path = Assets.xcassets; sourceTree = "<group>"; };
		89E8384F245039230032D27B /* Base */ = {isa = PBXFileReference; lastKnownFileType = file.storyboard; name = Base; path = Base.lproj/LaunchScreen.storyboard; sourceTree = "<group>"; };
		89E83851245039230032D27B /* Info.plist */ = {isa = PBXFileReference; lastKnownFileType = text.plist.xml; path = Info.plist; sourceTree = "<group>"; };
/* End PBXFileReference section */

/* Begin PBXFrameworksBuildPhase section */
		89E8383D245039220032D27B /* Frameworks */ = {
			isa = PBXFrameworksBuildPhase;
			buildActionMask = 2147483647;
			files = (
			);
			runOnlyForDeploymentPostprocessing = 0;
		};
/* End PBXFrameworksBuildPhase section */

/* Begin PBXGroup section */
		892C56CD24503950000F3485 /* Views */ = {
			isa = PBXGroup;
			children = (
				892C56D82450413E000F3485 /* SearchResultCell.swift */,
			);
			path = Views;
			sourceTree = "<group>";
		};
		892C56CE24503958000F3485 /* Controllers */ = {
			isa = PBXGroup;
			children = (
				892C56D424503C25000F3485 /* BaseTabBarController.swift */,
				892C56D624503CE8000F3485 /* AppSearchController.swift */,
			);
			path = Controllers;
			sourceTree = "<group>";
		};
		892C56CF2450395D000F3485 /* Helpers */ = {
			isa = PBXGroup;
			children = (
				892C56D02450397A000F3485 /* VerticalStackView.swift */,
				892C56D224503A3B000F3485 /* UIView+Layout.swift */,
			);
			path = Helpers;
			sourceTree = "<group>";
		};
		8953DA7924543F6400667B48 /* Model */ = {
			isa = PBXGroup;
			children = (
				8953DA7A24543F7D00667B48 /* SearchResult.swift */,
			);
			path = Model;
			sourceTree = "<group>";
		};
		8953DA7C2454481700667B48 /* Service */ = {
			isa = PBXGroup;
			children = (
				8953DA7D2454482100667B48 /* Service.swift */,
			);
			path = Service;
			sourceTree = "<group>";
		};
		89E83837245039220032D27B = {
			isa = PBXGroup;
			children = (
				89E83842245039220032D27B /* AppStoreJSONApis */,
				89E83841245039220032D27B /* Products */,
			);
			sourceTree = "<group>";
		};
		89E83841245039220032D27B /* Products */ = {
			isa = PBXGroup;
			children = (
				89E83840245039220032D27B /* AppStoreJSONApis.app */,
			);
			name = Products;
			sourceTree = "<group>";
		};
		89E83842245039220032D27B /* AppStoreJSONApis */ = {
			isa = PBXGroup;
			children = (
				8953DA7C2454481700667B48 /* Service */,
				8953DA7924543F6400667B48 /* Model */,
				892C56CF2450395D000F3485 /* Helpers */,
				892C56CE24503958000F3485 /* Controllers */,
				892C56CD24503950000F3485 /* Views */,
				89E83843245039220032D27B /* AppDelegate.swift */,
				89E83845245039220032D27B /* SceneDelegate.swift */,
				89E8384C245039230032D27B /* Assets.xcassets */,
				89E8384E245039230032D27B /* LaunchScreen.storyboard */,
				89E83851245039230032D27B /* Info.plist */,
			);
			path = AppStoreJSONApis;
			sourceTree = "<group>";
		};
/* End PBXGroup section */

/* Begin PBXNativeTarget section */
		89E8383F245039220032D27B /* AppStoreJSONApis */ = {
			isa = PBXNativeTarget;
			buildConfigurationList = 89E83854245039230032D27B /* Build configuration list for PBXNativeTarget "AppStoreJSONApis" */;
			buildPhases = (
				89E8383C245039220032D27B /* Sources */,
				89E8383D245039220032D27B /* Frameworks */,
				89E8383E245039220032D27B /* Resources */,
			);
			buildRules = (
			);
			dependencies = (
			);
			name = AppStoreJSONApis;
			productName = AppStoreJSONApis;
			productReference = 89E83840245039220032D27B /* AppStoreJSONApis.app */;
			productType = "com.apple.product-type.application";
		};
/* End PBXNativeTarget section */

/* Begin PBXProject section */
		89E83838245039220032D27B /* Project object */ = {
			isa = PBXProject;
			attributes = {
				LastSwiftUpdateCheck = 1140;
				LastUpgradeCheck = 1140;
				ORGANIZATIONNAME = DanilovDev;
				TargetAttributes = {
					89E8383F245039220032D27B = {
						CreatedOnToolsVersion = 11.4.1;
					};
				};
			};
			buildConfigurationList = 89E8383B245039220032D27B /* Build configuration list for PBXProject "AppStoreJSONApis" */;
			compatibilityVersion = "Xcode 9.3";
			developmentRegion = en;
			hasScannedForEncodings = 0;
			knownRegions = (
				en,
				Base,
			);
			mainGroup = 89E83837245039220032D27B;
			productRefGroup = 89E83841245039220032D27B /* Products */;
			projectDirPath = "";
			projectRoot = "";
			targets = (
				89E8383F245039220032D27B /* AppStoreJSONApis */,
			);
		};
/* End PBXProject section */

/* Begin PBXResourcesBuildPhase section */
		89E8383E245039220032D27B /* Resources */ = {
			isa = PBXResourcesBuildPhase;
			buildActionMask = 2147483647;
			files = (
				89E83850245039230032D27B /* LaunchScreen.storyboard in Resources */,
				89E8384D245039230032D27B /* Assets.xcassets in Resources */,
			);
			runOnlyForDeploymentPostprocessing = 0;
		};
/* End PBXResourcesBuildPhase section */

/* Begin PBXSourcesBuildPhase section */
		89E8383C245039220032D27B /* Sources */ = {
			isa = PBXSourcesBuildPhase;
			buildActionMask = 2147483647;
			files = (
				892C56D92450413E000F3485 /* SearchResultCell.swift in Sources */,
				892C56D12450397A000F3485 /* VerticalStackView.swift in Sources */,
				8953DA7B24543F7D00667B48 /* SearchResult.swift in Sources */,
				892C56D524503C25000F3485 /* BaseTabBarController.swift in Sources */,
				89E83844245039220032D27B /* AppDelegate.swift in Sources */,
				8953DA7E2454482100667B48 /* Service.swift in Sources */,
				89E83846245039220032D27B /* SceneDelegate.swift in Sources */,
				892C56D724503CE8000F3485 /* AppSearchController.swift in Sources */,
				892C56D324503A3B000F3485 /* UIView+Layout.swift in Sources */,
			);
			runOnlyForDeploymentPostprocessing = 0;
		};
/* End PBXSourcesBuildPhase section */

/* Begin PBXVariantGroup section */
		89E8384E245039230032D27B /* LaunchScreen.storyboard */ = {
			isa = PBXVariantGroup;
			children = (
				89E8384F245039230032D27B /* Base */,
			);
			name = LaunchScreen.storyboard;
			sourceTree = "<group>";
		};
/* End PBXVariantGroup section */

/* Begin XCBuildConfiguration section */
		89E83852245039230032D27B /* Debug */ = {
			isa = XCBuildConfiguration;
			buildSettings = {
				ALWAYS_SEARCH_USER_PATHS = NO;
				CLANG_ANALYZER_NONNULL = YES;
				CLANG_ANALYZER_NUMBER_OBJECT_CONVERSION = YES_AGGRESSIVE;
				CLANG_CXX_LANGUAGE_STANDARD = "gnu++14";
				CLANG_CXX_LIBRARY = "libc++";
				CLANG_ENABLE_MODULES = YES;
				CLANG_ENABLE_OBJC_ARC = YES;
				CLANG_ENABLE_OBJC_WEAK = YES;
				CLANG_WARN_BLOCK_CAPTURE_AUTORELEASING = YES;
				CLANG_WARN_BOOL_CONVERSION = YES;
				CLANG_WARN_COMMA = YES;
				CLANG_WARN_CONSTANT_CONVERSION = YES;
				CLANG_WARN_DEPRECATED_OBJC_IMPLEMENTATIONS = YES;
				CLANG_WARN_DIRECT_OBJC_ISA_USAGE = YES_ERROR;
				CLANG_WARN_DOCUMENTATION_COMMENTS = YES;
				CLANG_WARN_EMPTY_BODY = YES;
				CLANG_WARN_ENUM_CONVERSION = YES;
				CLANG_WARN_INFINITE_RECURSION = YES;
				CLANG_WARN_INT_CONVERSION = YES;
				CLANG_WARN_NON_LITERAL_NULL_CONVERSION = YES;
				CLANG_WARN_OBJC_IMPLICIT_RETAIN_SELF = YES;
				CLANG_WARN_OBJC_LITERAL_CONVERSION = YES;
				CLANG_WARN_OBJC_ROOT_CLASS = YES_ERROR;
				CLANG_WARN_RANGE_LOOP_ANALYSIS = YES;
				CLANG_WARN_STRICT_PROTOTYPES = YES;
				CLANG_WARN_SUSPICIOUS_MOVE = YES;
				CLANG_WARN_UNGUARDED_AVAILABILITY = YES_AGGRESSIVE;
				CLANG_WARN_UNREACHABLE_CODE = YES;
				CLANG_WARN__DUPLICATE_METHOD_MATCH = YES;
				COPY_PHASE_STRIP = NO;
				DEBUG_INFORMATION_FORMAT = dwarf;
				ENABLE_STRICT_OBJC_MSGSEND = YES;
				ENABLE_TESTABILITY = YES;
				GCC_C_LANGUAGE_STANDARD = gnu11;
				GCC_DYNAMIC_NO_PIC = NO;
				GCC_NO_COMMON_BLOCKS = YES;
				GCC_OPTIMIZATION_LEVEL = 0;
				GCC_PREPROCESSOR_DEFINITIONS = (
					"DEBUG=1",
					"$(inherited)",
				);
				GCC_WARN_64_TO_32_BIT_CONVERSION = YES;
				GCC_WARN_ABOUT_RETURN_TYPE = YES_ERROR;
				GCC_WARN_UNDECLARED_SELECTOR = YES;
				GCC_WARN_UNINITIALIZED_AUTOS = YES_AGGRESSIVE;
				GCC_WARN_UNUSED_FUNCTION = YES;
				GCC_WARN_UNUSED_VARIABLE = YES;
				IPHONEOS_DEPLOYMENT_TARGET = 13.4;
				MTL_ENABLE_DEBUG_INFO = INCLUDE_SOURCE;
				MTL_FAST_MATH = YES;
				ONLY_ACTIVE_ARCH = YES;
				SDKROOT = iphoneos;
				SWIFT_ACTIVE_COMPILATION_CONDITIONS = DEBUG;
				SWIFT_OPTIMIZATION_LEVEL = "-Onone";
			};
			name = Debug;
		};
		89E83853245039230032D27B /* Release */ = {
			isa = XCBuildConfiguration;
			buildSettings = {
				ALWAYS_SEARCH_USER_PATHS = NO;
				CLANG_ANALYZER_NONNULL = YES;
				CLANG_ANALYZER_NUMBER_OBJECT_CONVERSION = YES_AGGRESSIVE;
				CLANG_CXX_LANGUAGE_STANDARD = "gnu++14";
				CLANG_CXX_LIBRARY = "libc++";
				CLANG_ENABLE_MODULES = YES;
				CLANG_ENABLE_OBJC_ARC = YES;
				CLANG_ENABLE_OBJC_WEAK = YES;
				CLANG_WARN_BLOCK_CAPTURE_AUTORELEASING = YES;
				CLANG_WARN_BOOL_CONVERSION = YES;
				CLANG_WARN_COMMA = YES;
				CLANG_WARN_CONSTANT_CONVERSION = YES;
				CLANG_WARN_DEPRECATED_OBJC_IMPLEMENTATIONS = YES;
				CLANG_WARN_DIRECT_OBJC_ISA_USAGE = YES_ERROR;
				CLANG_WARN_DOCUMENTATION_COMMENTS = YES;
				CLANG_WARN_EMPTY_BODY = YES;
				CLANG_WARN_ENUM_CONVERSION = YES;
				CLANG_WARN_INFINITE_RECURSION = YES;
				CLANG_WARN_INT_CONVERSION = YES;
				CLANG_WARN_NON_LITERAL_NULL_CONVERSION = YES;
				CLANG_WARN_OBJC_IMPLICIT_RETAIN_SELF = YES;
				CLANG_WARN_OBJC_LITERAL_CONVERSION = YES;
				CLANG_WARN_OBJC_ROOT_CLASS = YES_ERROR;
				CLANG_WARN_RANGE_LOOP_ANALYSIS = YES;
				CLANG_WARN_STRICT_PROTOTYPES = YES;
				CLANG_WARN_SUSPICIOUS_MOVE = YES;
				CLANG_WARN_UNGUARDED_AVAILABILITY = YES_AGGRESSIVE;
				CLANG_WARN_UNREACHABLE_CODE = YES;
				CLANG_WARN__DUPLICATE_METHOD_MATCH = YES;
				COPY_PHASE_STRIP = NO;
				DEBUG_INFORMATION_FORMAT = "dwarf-with-dsym";
				ENABLE_NS_ASSERTIONS = NO;
				ENABLE_STRICT_OBJC_MSGSEND = YES;
				GCC_C_LANGUAGE_STANDARD = gnu11;
				GCC_NO_COMMON_BLOCKS = YES;
				GCC_WARN_64_TO_32_BIT_CONVERSION = YES;
				GCC_WARN_ABOUT_RETURN_TYPE = YES_ERROR;
				GCC_WARN_UNDECLARED_SELECTOR = YES;
				GCC_WARN_UNINITIALIZED_AUTOS = YES_AGGRESSIVE;
				GCC_WARN_UNUSED_FUNCTION = YES;
				GCC_WARN_UNUSED_VARIABLE = YES;
				IPHONEOS_DEPLOYMENT_TARGET = 13.4;
				MTL_ENABLE_DEBUG_INFO = NO;
				MTL_FAST_MATH = YES;
				SDKROOT = iphoneos;
				SWIFT_COMPILATION_MODE = wholemodule;
				SWIFT_OPTIMIZATION_LEVEL = "-O";
				VALIDATE_PRODUCT = YES;
			};
			name = Release;
		};
		89E83855245039230032D27B /* Debug */ = {
			isa = XCBuildConfiguration;
			buildSettings = {
				ASSETCATALOG_COMPILER_APPICON_NAME = AppIcon;
				CODE_SIGN_STYLE = Automatic;
				INFOPLIST_FILE = AppStoreJSONApis/Info.plist;
				LD_RUNPATH_SEARCH_PATHS = (
					"$(inherited)",
					"@executable_path/Frameworks",
				);
				PRODUCT_BUNDLE_IDENTIFIER = com.danilovdev.AppStoreJSONApis;
				PRODUCT_NAME = "$(TARGET_NAME)";
				SWIFT_VERSION = 5.0;
				TARGETED_DEVICE_FAMILY = "1,2";
			};
			name = Debug;
		};
		89E83856245039230032D27B /* Release */ = {
			isa = XCBuildConfiguration;
			buildSettings = {
				ASSETCATALOG_COMPILER_APPICON_NAME = AppIcon;
				CODE_SIGN_STYLE = Automatic;
				INFOPLIST_FILE = AppStoreJSONApis/Info.plist;
				LD_RUNPATH_SEARCH_PATHS = (
					"$(inherited)",
					"@executable_path/Frameworks",
				);
				PRODUCT_BUNDLE_IDENTIFIER = com.danilovdev.AppStoreJSONApis;
				PRODUCT_NAME = "$(TARGET_NAME)";
				SWIFT_VERSION = 5.0;
				TARGETED_DEVICE_FAMILY = "1,2";
			};
			name = Release;
		};
/* End XCBuildConfiguration section */

/* Begin XCConfigurationList section */
		89E8383B245039220032D27B /* Build configuration list for PBXProject "AppStoreJSONApis" */ = {
			isa = XCConfigurationList;
			buildConfigurations = (
				89E83852245039230032D27B /* Debug */,
				89E83853245039230032D27B /* Release */,
			);
			defaultConfigurationIsVisible = 0;
			defaultConfigurationName = Release;
		};
		89E83854245039230032D27B /* Build configuration list for PBXNativeTarget "AppStoreJSONApis" */ = {
			isa = XCConfigurationList;
			buildConfigurations = (
				89E83855245039230032D27B /* Debug */,
				89E83856245039230032D27B /* Release */,
			);
			defaultConfigurationIsVisible = 0;
			defaultConfigurationName = Release;
		};
/* End XCConfigurationList section */
	};
	rootObject = 89E83838245039220032D27B /* Project object */;
}
